
Microsoft Visual Studio Solution File, Format Version 12.00
# Visual Studio Version 17
VisualStudioVersion = 17.0.32126.317
MinimumVisualStudioVersion = 10.0.40219.1
Project("{FAE04EC0-301F-11D3-BF4B-00C04F79EFBC}") = "ExemploPOO", "ExemploPOO\ExemploPOO.csproj", "{3F106C5B-19AB-4C9C-A89D-6C91A40B966E}"
EndProject
Global
	GlobalSection(SolutionConfigurationPlatforms) = preSolution
		Debug|Any CPU = Debug|Any CPU
		Release|Any CPU = Release|Any CPU
	EndGlobalSection
	GlobalSection(ProjectConfigurationPlatforms) = postSolution
		{3F106C5B-19AB-4C9C-A89D-6C91A40B966E}.Debug|Any CPU.ActiveCfg = Debug|Any CPU
		{3F106C5B-19AB-4C9C-A89D-6C91A40B966E}.Debug|Any CPU.Build.0 = Debug|Any CPU
		{3F106C5B-19AB-4C9C-A89D-6C91A40B966E}.Release|Any CPU.ActiveCfg = Release|Any CPU
		{3F106C5B-19AB-4C9C-A89D-6C91A40B966E}.Release|Any CPU.Build.0 = Release|Any CPU
	EndGlobalSection
	GlobalSection(SolutionProperties) = preSolution
		HideSolutionNode = FALSE
	EndGlobalSection
	GlobalSection(ExtensibilityGlobals) = postSolution
		SolutionGuid = {545F7B60-CB06-48E1-A620-6DA0E7EECA66}
	EndGlobalSection
EndGlobal
